
Microsoft Visual Studio Solution File, Format Version 12.00
# Visual Studio Version 17
VisualStudioVersion = 17.6.33723.286
MinimumVisualStudioVersion = 10.0.40219.1
Project("{FAE04EC0-301F-11D3-BF4B-00C04F79EFBC}") = "mediaplayer denemesi", "mediaplayer denemesi\mediaplayer denemesi.csproj", "{1BD2DF8C-9796-4B07-A74D-F585A534A2EB}"
EndProject
Global
	GlobalSection(SolutionConfigurationPlatforms) = preSolution
		Debug|Any CPU = Debug|Any CPU
		Release|Any CPU = Release|Any CPU
	EndGlobalSection
	GlobalSection(ProjectConfigurationPlatforms) = postSolution
		{1BD2DF8C-9796-4B07-A74D-F585A534A2EB}.Debug|Any CPU.ActiveCfg = Debug|Any CPU
		{1BD2DF8C-9796-4B07-A74D-F585A534A2EB}.Debug|Any CPU.Build.0 = Debug|Any CPU
		{1BD2DF8C-9796-4B07-A74D-F585A534A2EB}.Release|Any CPU.ActiveCfg = Release|Any CPU
		{1BD2DF8C-9796-4B07-A74D-F585A534A2EB}.Release|Any CPU.Build.0 = Release|Any CPU
	EndGlobalSection
	GlobalSection(SolutionProperties) = preSolution
		HideSolutionNode = FALSE
	EndGlobalSection
	GlobalSection(ExtensibilityGlobals) = postSolution
		SolutionGuid = {EDC78EA6-49FD-45E2-A474-BBEAFC38C407}
	EndGlobalSection
EndGlobal
